schema: '2.0'
stages:
  data_ingestion:
    cmd: python src/data_ingestion.py
    deps:
    - path: src/data_ingestion.py
      hash: md5
      md5: 1c476f2f6d874b0df3caf9d899bff7ad
      size: 3911
    params:
      params.yaml:
        data_ingestion.test_size: 0.15
    outs:
    - path: data/raw
      hash: md5
      md5: a15ba66afdf82f8659b031b175286ed3.dir
      size: 484846
      nfiles: 2
  data_preprocessing:
    cmd: python src/pre_processing.py
    deps:
    - path: data/raw
      hash: md5
      md5: a15ba66afdf82f8659b031b175286ed3.dir
      size: 484846
      nfiles: 2
    - path: src/pre_processing.py
      hash: md5
      md5: 27d907156104c4dc8be488a879f06a06
      size: 3866
    outs:
    - path: data/interim
      hash: md5
      md5: 59b2ca2d0759fd18015143574c67a0d3.dir
      size: 259164
      nfiles: 2
  feature_engineering:
    cmd: python src/feature_engineering.py
    deps:
    - path: data/interim
      hash: md5
      md5: 59b2ca2d0759fd18015143574c67a0d3.dir
      size: 259164
      nfiles: 2
    - path: src/feature_engineering.py
      hash: md5
      md5: 95802fafdb1c2e02f8d0b3dfa777864c
      size: 3856
    params:
      params.yaml:
        feature_engineering.max_features: 45
    outs:
    - path: data/processed
      hash: md5
      md5: a4c66ee04e598616a0efc0acc0f748d2.dir
      size: 1063201
      nfiles: 2
  model_building:
    cmd: python src/model_training.py
    deps:
    - path: data/processed
      hash: md5
      md5: a4c66ee04e598616a0efc0acc0f748d2.dir
      size: 1063201
      nfiles: 2
    - path: src/model_training.py
      hash: md5
      md5: d3b6a3c9b3e6640136ee667bfc2ecf6e
      size: 4186
    params:
      params.yaml:
        model_building.n_estimators: 20
        model_building.random_state: 2
    outs:
    - path: models/model.pkl
      hash: md5
      md5: cd81c4b05ab226960e47add7d61d300c
      size: 790902
  model_evaluation:
    cmd: python src/model_evaluation.py
    deps:
    - path: models/model.pkl
      hash: md5
      md5: cd81c4b05ab226960e47add7d61d300c
      size: 790902
    - path: src/model_evaluation.py
      hash: md5
      md5: 1519dad59f6d3561a80681f3feb0b5fa
      size: 3457
    outs:
    - path: reports/metrics.json
      hash: md5
      md5: 6df672109593031e03e5773379401361
      size: 145
